
Microsoft Visual Studio Solution File, Format Version 12.00
# Visual Studio 15
VisualStudioVersion = 15.0.27004.2010
MinimumVisualStudioVersion = 10.0.40219.1
Project("{FAE04EC0-301F-11D3-BF4B-00C04F79EFBC}") = "MyBillBooks", "MyBillBooks\MyBillBooks.csproj", "{006B8490-8C45-48CD-93C7-0D7451DC084D}"
EndProject
Project("{FAE04EC0-301F-11D3-BF4B-00C04F79EFBC}") = "BillBookConfig", "BillBookConfig\BillBookConfig.csproj", "{0277CFF7-8AD4-4ECD-999D-8B73DCA1746B}"
EndProject
Global
	GlobalSection(SolutionConfigurationPlatforms) = preSolution
		Debug|Any CPU = Debug|Any CPU
		Release|Any CPU = Release|Any CPU
	EndGlobalSection
	GlobalSection(ProjectConfigurationPlatforms) = postSolution
		{006B8490-8C45-48CD-93C7-0D7451DC084D}.Debug|Any CPU.ActiveCfg = Debug|Any CPU
		{006B8490-8C45-48CD-93C7-0D7451DC084D}.Debug|Any CPU.Build.0 = Debug|Any CPU
		{006B8490-8C45-48CD-93C7-0D7451DC084D}.Release|Any CPU.ActiveCfg = Release|Any CPU
		{006B8490-8C45-48CD-93C7-0D7451DC084D}.Release|Any CPU.Build.0 = Release|Any CPU
		{0277CFF7-8AD4-4ECD-999D-8B73DCA1746B}.Debug|Any CPU.ActiveCfg = Debug|Any CPU
		{0277CFF7-8AD4-4ECD-999D-8B73DCA1746B}.Debug|Any CPU.Build.0 = Debug|Any CPU
		{0277CFF7-8AD4-4ECD-999D-8B73DCA1746B}.Release|Any CPU.ActiveCfg = Release|Any CPU
		{0277CFF7-8AD4-4ECD-999D-8B73DCA1746B}.Release|Any CPU.Build.0 = Release|Any CPU
	EndGlobalSection
	GlobalSection(SolutionProperties) = preSolution
		HideSolutionNode = FALSE
	EndGlobalSection
	GlobalSection(ExtensibilityGlobals) = postSolution
		SolutionGuid = {71C7CBB4-7A26-4466-83A6-05CF3E8E3F99}
	EndGlobalSection
EndGlobal
